
Microsoft Visual Studio Solution File, Format Version 12.00
# Visual Studio Version 17
VisualStudioVersion = 17.7.34031.279
MinimumVisualStudioVersion = 10.0.40219.1
Project("{FAE04EC0-301F-11D3-BF4B-00C04F79EFBC}") = "ЛР №1 Вдовін", "ЛР №1 Вдовін\ЛР №1 Вдовін.csproj", "{2E9EF18E-45C4-4F4E-A29A-F04A930332CE}"
EndProject
Global
	GlobalSection(SolutionConfigurationPlatforms) = preSolution
		Debug|Any CPU = Debug|Any CPU
		Release|Any CPU = Release|Any CPU
	EndGlobalSection
	GlobalSection(ProjectConfigurationPlatforms) = postSolution
		{2E9EF18E-45C4-4F4E-A29A-F04A930332CE}.Debug|Any CPU.ActiveCfg = Debug|Any CPU
		{2E9EF18E-45C4-4F4E-A29A-F04A930332CE}.Debug|Any CPU.Build.0 = Debug|Any CPU
		{2E9EF18E-45C4-4F4E-A29A-F04A930332CE}.Release|Any CPU.ActiveCfg = Release|Any CPU
		{2E9EF18E-45C4-4F4E-A29A-F04A930332CE}.Release|Any CPU.Build.0 = Release|Any CPU
	EndGlobalSection
	GlobalSection(SolutionProperties) = preSolution
		HideSolutionNode = FALSE
	EndGlobalSection
	GlobalSection(ExtensibilityGlobals) = postSolution
		SolutionGuid = {A2B8F53D-2D35-4ECD-AD2A-9B2B92798E3C}
	EndGlobalSection
EndGlobal
